# This file is autogenerated, do not edit; changes may be undone by the next 'dep ensure'.


[[projects]]
  branch = "master"
  digest = "1:77a282ae7ebc4abe7dbe875ee6b2f33d1775299a3cea98d316bb9f73b4a4cf1b"
  name = "github.com/gomarkdown/markdown"
  packages = [
    ".",
    "ast",
    "html",
    "parser",
  ]
  pruneopts = "UT"
  revision = "d1d0edeb5d8598895150da44907ccacaff7f08bc"

[[projects]]
  digest = "1:2b418e5e28a68ccab236a22f344140cebab2d90c3a4a3f5593ecbb82cfe0e5ce"
  name = "github.com/gorilla/feeds"
  packages = ["."]
  pruneopts = "UT"
  revision = "6edcbcd2d57fd0bbd7f39947a593ed0c06648388"
  version = "v1.1.0"

[[projects]]
  digest = "1:103026dacef776cc9573b869de63f3c71d00055d2a8958838be1a5a0caf822a6"
  name = "github.com/tdewolff/minify"
  packages = [
    ".",
    "css",
    "html",
    "js",
  ]
  pruneopts = "UT"
  revision = "c86dd764169e70ab04e3b0d5fd5e478657a6c83d"
  version = "v2.3.6"

[[projects]]
  digest = "1:b56ffa2e2efb68faadf4c4fa98cc31fed9c1a506f7db86060cbeea5bfee0a44b"
  name = "github.com/tdewolff/parse"
  packages = [
    ".",
    "buffer",
    "css",
    "html",
    "js",
    "strconv",
  ]
  pruneopts = "UT"
  revision = "1b0354dccc7aceb4528eb638fbfec60d20338a29"
  version = "v2.3.4"

[solve-meta]
  analyzer-name = "dep"
  analyzer-version = 1
  input-imports = [
    "github.com/gomarkdown/markdown",
    "github.com/gomarkdown/markdown/html",
    "github.com/gorilla/feeds",
    "github.com/tdewolff/minify",
    "github.com/tdewolff/minify/css",
    "github.com/tdewolff/minify/html",
    "github.com/tdewolff/minify/js",
  ]
  solver-name = "gps-cdcl"
  solver-version = 1
